
Microsoft Visual Studio Solution File, Format Version 12.00
# Visual Studio 15
VisualStudioVersion = 15.0.26730.10
MinimumVisualStudioVersion = 10.0.40219.1
Project("{FAE04EC0-301F-11D3-BF4B-00C04F79EFBC}") = "SqlAlias", "SqlAlias\SqlAlias.csproj", "{43082CCD-60B9-4686-8E6D-E42402C3B921}"
EndProject
Project("{FAE04EC0-301F-11D3-BF4B-00C04F79EFBC}") = "Tests", "Tests\Tests.csproj", "{1BD7F147-66F5-41B3-9679-5364C9843D79}"
EndProject
Global
	GlobalSection(SolutionConfigurationPlatforms) = preSolution
		Debug|Any CPU = Debug|Any CPU
		Release|Any CPU = Release|Any CPU
	EndGlobalSection
	GlobalSection(ProjectConfigurationPlatforms) = postSolution
		{43082CCD-60B9-4686-8E6D-E42402C3B921}.Debug|Any CPU.ActiveCfg = Debug|Any CPU
		{43082CCD-60B9-4686-8E6D-E42402C3B921}.Debug|Any CPU.Build.0 = Debug|Any CPU
		{43082CCD-60B9-4686-8E6D-E42402C3B921}.Release|Any CPU.ActiveCfg = Release|Any CPU
		{43082CCD-60B9-4686-8E6D-E42402C3B921}.Release|Any CPU.Build.0 = Release|Any CPU
		{1BD7F147-66F5-41B3-9679-5364C9843D79}.Debug|Any CPU.ActiveCfg = Debug|Any CPU
		{1BD7F147-66F5-41B3-9679-5364C9843D79}.Debug|Any CPU.Build.0 = Debug|Any CPU
		{1BD7F147-66F5-41B3-9679-5364C9843D79}.Release|Any CPU.ActiveCfg = Release|Any CPU
		{1BD7F147-66F5-41B3-9679-5364C9843D79}.Release|Any CPU.Build.0 = Release|Any CPU
	EndGlobalSection
	GlobalSection(SolutionProperties) = preSolution
		HideSolutionNode = FALSE
	EndGlobalSection
	GlobalSection(ExtensibilityGlobals) = postSolution
		SolutionGuid = {ED6B1CE4-7ABB-4FBD-90F7-4F2A891C8F5E}
	EndGlobalSection
EndGlobal
